
Microsoft Visual Studio Solution File, Format Version 12.00
# Visual Studio 15
VisualStudioVersion = 15.0.27130.2027
MinimumVisualStudioVersion = 10.0.40219.1
Project("{FAE04EC0-301F-11D3-BF4B-00C04F79EFBC}") = "wpf-app", "wpf-app.csproj", "{F1473E06-179E-4843-96F9-1CCA7FC59AEC}"
EndProject
Global
	GlobalSection(SolutionConfigurationPlatforms) = preSolution
		Debug|Any CPU = Debug|Any CPU
		Release|Any CPU = Release|Any CPU
	EndGlobalSection
	GlobalSection(ProjectConfigurationPlatforms) = postSolution
		{F1473E06-179E-4843-96F9-1CCA7FC59AEC}.Debug|Any CPU.ActiveCfg = Debug|Any CPU
		{F1473E06-179E-4843-96F9-1CCA7FC59AEC}.Debug|Any CPU.Build.0 = Debug|Any CPU
		{F1473E06-179E-4843-96F9-1CCA7FC59AEC}.Release|Any CPU.ActiveCfg = Release|Any CPU
		{F1473E06-179E-4843-96F9-1CCA7FC59AEC}.Release|Any CPU.Build.0 = Release|Any CPU
	EndGlobalSection
	GlobalSection(SolutionProperties) = preSolution
		HideSolutionNode = FALSE
	EndGlobalSection
	GlobalSection(ExtensibilityGlobals) = postSolution
		SolutionGuid = {05A93659-0FD2-45B8-BA32-C6EB8C206CE3}
	EndGlobalSection
EndGlobal
